
Microsoft Visual Studio Solution File, Format Version 12.00
# Visual Studio 15
VisualStudioVersion = 15.0.28010.2046
MinimumVisualStudioVersion = 10.0.40219.1
Project("{2150E333-8FDC-42A3-9474-1A3956D46DE8}") = "422.ValidWordSquare", "422.ValidWordSquare", "{EAF1DA86-7D6E-4C4C-A611-1C4CF82B139D}"
EndProject
Project("{9A19103F-16F7-4668-BE54-9A1E7A4F7556}") = "ValidWordSquare", "ValidWordSquare\ValidWordSquare.csproj", "{880F4D6F-71B1-4814-899C-3F77EA363974}"
EndProject
Project("{2150E333-8FDC-42A3-9474-1A3956D46DE8}") = "252.MeetingRooms", "252.MeetingRooms", "{412AC5C0-D136-47A1-8E6C-6FE600571240}"
EndProject
Project("{9A19103F-16F7-4668-BE54-9A1E7A4F7556}") = "MeetingRooms", "MeetingRooms\MeetingRooms.csproj", "{39B14116-CF8C-4639-B0F9-FE957A77A55A}"
EndProject
Project("{2150E333-8FDC-42A3-9474-1A3956D46DE8}") = "867.TransposeMatrix", "867.TransposeMatrix", "{C5F18385-6F77-4FA2-9B44-DD475DD59AFB}"
EndProject
Project("{9A19103F-16F7-4668-BE54-9A1E7A4F7556}") = "TransposeMatrix", "TransposeMatrix\TransposeMatrix.csproj", "{E0649C57-2A99-41DD-85DD-A60527B52196}"
EndProject
Project("{2150E333-8FDC-42A3-9474-1A3956D46DE8}") = "408.ValidWordAbbreviation", "408.ValidWordAbbreviation", "{AC79E088-C027-4AF2-B1C7-07B35A9DCB0D}"
EndProject
Project("{9A19103F-16F7-4668-BE54-9A1E7A4F7556}") = "ValidWordAbbreviation", "ValidWordAbbreviationCls\ValidWordAbbreviation.csproj", "{F63D80CB-F5BC-48C2-8A4A-8D5014DE8F05}"
EndProject
Project("{2150E333-8FDC-42A3-9474-1A3956D46DE8}") = "243.ShortestWordDistance", "243.ShortestWordDistance", "{596F97ED-150C-473D-BED7-2B9D7B4AA76F}"
EndProject
Project("{9A19103F-16F7-4668-BE54-9A1E7A4F7556}") = "ShortestWordDistance", "ShortestWordDistance\ShortestWordDistance.csproj", "{BFC2AB60-2769-44C5-834C-90C85EE483DF}"
EndProject
Project("{2150E333-8FDC-42A3-9474-1A3956D46DE8}") = "266.PalindromePermutation", "266.PalindromePermutation", "{DE40085D-3659-4B67-88D0-B563ABF0FEA3}"
EndProject
Project("{9A19103F-16F7-4668-BE54-9A1E7A4F7556}") = "PalindromePermutation", "PalindromePermutation\PalindromePermutation.csproj", "{C30871FA-5495-482B-913A-A745DF3F1874}"
EndProject
Project("{2150E333-8FDC-42A3-9474-1A3956D46DE8}") = "170.Two Sum III - Data structure design", "170.Two Sum III - Data structure design", "{1A4C772A-F048-4862-8D20-787B8311A0DB}"
EndProject
Project("{9A19103F-16F7-4668-BE54-9A1E7A4F7556}") = "TwoSumDatastructuredesign", "TwoSumDatastructuredesign\TwoSumDatastructuredesign.csproj", "{B5658DA2-33C6-4A58-A4CA-B65447BE145C}"
EndProject
Project("{2150E333-8FDC-42A3-9474-1A3956D46DE8}") = "172.Factorial Trailing Zeroes", "172.Factorial Trailing Zeroes", "{61667BF5-D1B2-460E-85B4-3A30A97EAE2B}"
EndProject
Project("{9A19103F-16F7-4668-BE54-9A1E7A4F7556}") = "FactorialTrailingZeroes", "FactorialTrailingZeroes\FactorialTrailingZeroes.csproj", "{1BDF6948-8325-4E6C-B50B-3C3AE13FDE54}"
EndProject
Project("{2150E333-8FDC-42A3-9474-1A3956D46DE8}") = "346. Moving Average from Data Stream", "346. Moving Average from Data Stream", "{EBE1533D-FC13-4A42-9EBC-E09F2952597F}"
EndProject
Project("{9A19103F-16F7-4668-BE54-9A1E7A4F7556}") = "MovingAveragefromDataStream", "MovingAveragefromDataStream\MovingAveragefromDataStream.csproj", "{B177258B-2822-45F7-8D4C-B15BB2E9ED83}"
EndProject
Project("{2150E333-8FDC-42A3-9474-1A3956D46DE8}") = "728. Self Dividing Numbers", "728. Self Dividing Numbers", "{B52B2EC9-CA4E-4870-94EE-85083F90E70C}"
EndProject
Project("{9A19103F-16F7-4668-BE54-9A1E7A4F7556}") = "SelfDividingNumbers", "SelfDividingNumbers\SelfDividingNumbers.csproj", "{634AF87F-E57C-4C82-A3A7-08A96F282911}"
EndProject
Project("{2150E333-8FDC-42A3-9474-1A3956D46DE8}") = "852. Peak Index in a Mountain Array", "852. Peak Index in a Mountain Array", "{EAF02007-5349-45F3-ABD5-4E03E1494007}"
EndProject
Project("{9A19103F-16F7-4668-BE54-9A1E7A4F7556}") = "PeakIndexInMountainArray", "PeakIndexInMountainArray\PeakIndexInMountainArray.csproj", "{974361A1-321C-4EA6-ABED-D97282556BCF}"
EndProject
Project("{2150E333-8FDC-42A3-9474-1A3956D46DE8}") = "561. Array Partition I", "561. Array Partition I", "{1F014E9D-CEBA-4DF9-82FB-9ADA730E72A7}"
EndProject
Project("{9A19103F-16F7-4668-BE54-9A1E7A4F7556}") = "ArrayPartition", "ArrayPartition\ArrayPartition.csproj", "{9B85EEE6-E5EB-4DAB-8D64-70CEE43BB5A7}"
EndProject
Project("{2150E333-8FDC-42A3-9474-1A3956D46DE8}") = "617. Merge Two Binary Trees", "617. Merge Two Binary Trees", "{FF2E03D5-45FE-46FA-A79C-E720C6E76EF5}"
EndProject
Project("{9A19103F-16F7-4668-BE54-9A1E7A4F7556}") = "MergeTwoBinaryTrees", "MergeTwoBinaryTrees\MergeTwoBinaryTrees.csproj", "{288953CE-B123-46D4-9415-EBCF33D6250C}"
EndProject
Project("{2150E333-8FDC-42A3-9474-1A3956D46DE8}") = "832. Flipping an Image", "832. Flipping an Image", "{A8E1E096-DC07-468F-B55F-52E925305928}"
EndProject
Project("{9A19103F-16F7-4668-BE54-9A1E7A4F7556}") = "FlippingImage", "FlippingImage\FlippingImage.csproj", "{8E69F808-392E-4148-8F9B-299119EFA3E4}"
EndProject
Project("{2150E333-8FDC-42A3-9474-1A3956D46DE8}") = "657.Robot Return to Origin", "657.Robot Return to Origin", "{74458194-3A38-45F4-B56D-4A78A65B5B27}"
EndProject
Project("{9A19103F-16F7-4668-BE54-9A1E7A4F7556}") = "RobotReturnToOrigin", "RobotReturnToOrigin\RobotReturnToOrigin.csproj", "{BAA57E26-DCE1-4F45-943C-AF690F9CF1D5}"
EndProject
Project("{2150E333-8FDC-42A3-9474-1A3956D46DE8}") = "461. Hamming Distance", "461. Hamming Distance", "{8298335F-177C-4D01-9915-B7EE33C30C5B}"
EndProject
Project("{9A19103F-16F7-4668-BE54-9A1E7A4F7556}") = "HammingDistance", "HammingDistance\HammingDistance.csproj", "{4E16A8C2-4468-4BCF-B9DA-DFA99FE146F0}"
EndProject
Project("{2150E333-8FDC-42A3-9474-1A3956D46DE8}") = "905. Sort Array By Parity", "905. Sort Array By Parity", "{29D09A9D-BFC4-471E-98DA-ABE66944BA57}"
EndProject
Project("{FAE04EC0-301F-11D3-BF4B-00C04F79EFBC}") = "SortArrayByParity", "SortArrayByParity\SortArrayByParity.csproj", "{50A4B96D-BBEF-457A-917E-92553E7A45AD}"
EndProject
Project("{2150E333-8FDC-42A3-9474-1A3956D46DE8}") = "804. Unique Morse Code Words", "804. Unique Morse Code Words", "{721FBEC1-FB2A-4452-97E6-79261F46B168}"
EndProject
Project("{FAE04EC0-301F-11D3-BF4B-00C04F79EFBC}") = "UniqueMorseCodeWords", "UniqueMorseCodeWords\UniqueMorseCodeWords.csproj", "{C945C4CB-69C6-4099-9B18-9108074A9033}"
EndProject
Project("{2150E333-8FDC-42A3-9474-1A3956D46DE8}") = "709. To Lower Case", "709. To Lower Case", "{00FEC2B0-B019-41BA-960B-F5E9255533D8}"
EndProject
Project("{FAE04EC0-301F-11D3-BF4B-00C04F79EFBC}") = "ToLowerCase", "ToLowerCase\ToLowerCase.csproj", "{47CFABF2-6DB9-4FBE-B95D-952230646660}"
EndProject
Project("{2150E333-8FDC-42A3-9474-1A3956D46DE8}") = "760. Find Anagram Mappings", "760. Find Anagram Mappings", "{074513F6-B6B5-451F-997B-B401E00883BA}"
EndProject
Project("{FAE04EC0-301F-11D3-BF4B-00C04F79EFBC}") = "FindAnagramMappings", "FindAnagramMappings\FindAnagramMappings.csproj", "{FE22D6B5-A574-4108-8433-C79E8368C3EB}"
EndProject
Project("{2150E333-8FDC-42A3-9474-1A3956D46DE8}") = "705. Design HashSet", "705. Design HashSet", "{B34CED6B-6D79-481B-B5A0-AEFF272CD135}"
EndProject
Project("{FAE04EC0-301F-11D3-BF4B-00C04F79EFBC}") = "DesignHashSet", "DesignHashSet\DesignHashSet.csproj", "{FD31AB13-E655-4861-BF29-D329C33DAB8B}"
EndProject
Project("{2150E333-8FDC-42A3-9474-1A3956D46DE8}") = "771. Jewels and Stones", "771. Jewels and Stones", "{E2F80CB4-2701-46BA-81DE-89BF6E77C345}"
EndProject
Project("{FAE04EC0-301F-11D3-BF4B-00C04F79EFBC}") = "JewelsAndStones", "JewelsAndStones\JewelsAndStones.csproj", "{60F0EAE0-4C6A-4CFA-8178-A107749C6E4E}"
EndProject
Project("{2150E333-8FDC-42A3-9474-1A3956D46DE8}") = "144. Binary Tree Preorder Traversal", "144. Binary Tree Preorder Traversal", "{4F2A5ABB-4162-499E-9145-68DA9A26CEBF}"
EndProject
Project("{FAE04EC0-301F-11D3-BF4B-00C04F79EFBC}") = "BinaryTreePreorderTraversal", "BinaryTreePreorderTraversal\BinaryTreePreorderTraversal.csproj", "{87D49E2B-F88B-4BCC-8DCF-5462F0ED1EB3}"
EndProject
Project("{2150E333-8FDC-42A3-9474-1A3956D46DE8}") = "1. Two Sum", "1. Two Sum", "{0A32CE0C-AC79-41FA-A8E1-BD87DDE322B0}"
EndProject
Project("{FAE04EC0-301F-11D3-BF4B-00C04F79EFBC}") = "TwoSum", "TwoSum\TwoSum.csproj", "{1CEB5A7C-D38B-4702-81A3-9CAD21026E47}"
EndProject
Project("{2150E333-8FDC-42A3-9474-1A3956D46DE8}") = "339. Nested List Weight Sum", "339. Nested List Weight Sum", "{A24A19F5-AE30-4D60-9E92-6C35F74BD7C4}"
EndProject
Project("{FAE04EC0-301F-11D3-BF4B-00C04F79EFBC}") = "NestedListWeightSum", "NestedListWeightSum\NestedListWeightSum.csproj", "{743B0074-CD48-4DC1-AD5E-3069A338DFB1}"
EndProject
Project("{2150E333-8FDC-42A3-9474-1A3956D46DE8}") = "344. Reverse String", "344. Reverse String", "{BA56B1F1-1FD7-4B3F-BBA6-B9092CBCC9BF}"
EndProject
Project("{FAE04EC0-301F-11D3-BF4B-00C04F79EFBC}") = "ReverseString", "ReverseString\ReverseString.csproj", "{32511D35-3EBB-4414-94DB-D73403EDBA4C}"
EndProject
Project("{2150E333-8FDC-42A3-9474-1A3956D46DE8}") = "557. Reverse Words in a String III", "557. Reverse Words in a String III", "{BC23F012-BAC1-4100-9EC8-1D82CD80BD2D}"
EndProject
Project("{FAE04EC0-301F-11D3-BF4B-00C04F79EFBC}") = "ReverseWordsInAStringIII", "ReverseWordsInAStringIII\ReverseWordsInAStringIII.csproj", "{3AC070FB-B9EA-4A4E-BE15-6F0C5F315524}"
EndProject
Project("{2150E333-8FDC-42A3-9474-1A3956D46DE8}") = "412. Fizz Buzz", "412. Fizz Buzz", "{D8B75D3F-57ED-40D8-95C4-367D3C0C6B81}"
EndProject
Project("{FAE04EC0-301F-11D3-BF4B-00C04F79EFBC}") = "FizzBuzz", "FizzBuzz\FizzBuzz.csproj", "{97AE615A-45BE-45B8-93A5-C8B54D51C299}"
EndProject
Project("{FAE04EC0-301F-11D3-BF4B-00C04F79EFBC}") = "testConsole", "testConsole\testConsole.csproj", "{9DB758FD-B486-4EF7-A0C6-D695F4013F45}"
EndProject
Project("{2150E333-8FDC-42A3-9474-1A3956D46DE8}") = "20. Valid Parentheses", "20. Valid Parentheses", "{EE3BAB33-8F68-4C73-A509-4176BFC172CB}"
EndProject
Project("{FAE04EC0-301F-11D3-BF4B-00C04F79EFBC}") = "ValidParentheses", "ValidParentheses\ValidParentheses.csproj", "{77A204D5-D6BD-4AB8-A5EB-58D2DBCE092D}"
EndProject
Global
	GlobalSection(SolutionConfigurationPlatforms) = preSolution
		Debug|Any CPU = Debug|Any CPU
		Release|Any CPU = Release|Any CPU
	EndGlobalSection
	GlobalSection(ProjectConfigurationPlatforms) = postSolution
		{880F4D6F-71B1-4814-899C-3F77EA363974}.Debug|Any CPU.ActiveCfg = Debug|Any CPU
		{880F4D6F-71B1-4814-899C-3F77EA363974}.Debug|Any CPU.Build.0 = Debug|Any CPU
		{880F4D6F-71B1-4814-899C-3F77EA363974}.Release|Any CPU.ActiveCfg = Release|Any CPU
		{880F4D6F-71B1-4814-899C-3F77EA363974}.Release|Any CPU.Build.0 = Release|Any CPU
		{39B14116-CF8C-4639-B0F9-FE957A77A55A}.Debug|Any CPU.ActiveCfg = Debug|Any CPU
		{39B14116-CF8C-4639-B0F9-FE957A77A55A}.Debug|Any CPU.Build.0 = Debug|Any CPU
		{39B14116-CF8C-4639-B0F9-FE957A77A55A}.Release|Any CPU.ActiveCfg = Release|Any CPU
		{39B14116-CF8C-4639-B0F9-FE957A77A55A}.Release|Any CPU.Build.0 = Release|Any CPU
		{E0649C57-2A99-41DD-85DD-A60527B52196}.Debug|Any CPU.ActiveCfg = Debug|Any CPU
		{E0649C57-2A99-41DD-85DD-A60527B52196}.Debug|Any CPU.Build.0 = Debug|Any CPU
		{E0649C57-2A99-41DD-85DD-A60527B52196}.Release|Any CPU.ActiveCfg = Release|Any CPU
		{E0649C57-2A99-41DD-85DD-A60527B52196}.Release|Any CPU.Build.0 = Release|Any CPU
		{F63D80CB-F5BC-48C2-8A4A-8D5014DE8F05}.Debug|Any CPU.ActiveCfg = Debug|Any CPU
		{F63D80CB-F5BC-48C2-8A4A-8D5014DE8F05}.Debug|Any CPU.Build.0 = Debug|Any CPU
		{F63D80CB-F5BC-48C2-8A4A-8D5014DE8F05}.Release|Any CPU.ActiveCfg = Release|Any CPU
		{F63D80CB-F5BC-48C2-8A4A-8D5014DE8F05}.Release|Any CPU.Build.0 = Release|Any CPU
		{BFC2AB60-2769-44C5-834C-90C85EE483DF}.Debug|Any CPU.ActiveCfg = Debug|Any CPU
		{BFC2AB60-2769-44C5-834C-90C85EE483DF}.Debug|Any CPU.Build.0 = Debug|Any CPU
		{BFC2AB60-2769-44C5-834C-90C85EE483DF}.Release|Any CPU.ActiveCfg = Release|Any CPU
		{BFC2AB60-2769-44C5-834C-90C85EE483DF}.Release|Any CPU.Build.0 = Release|Any CPU
		{C30871FA-5495-482B-913A-A745DF3F1874}.Debug|Any CPU.ActiveCfg = Debug|Any CPU
		{C30871FA-5495-482B-913A-A745DF3F1874}.Debug|Any CPU.Build.0 = Debug|Any CPU
		{C30871FA-5495-482B-913A-A745DF3F1874}.Release|Any CPU.ActiveCfg = Release|Any CPU
		{C30871FA-5495-482B-913A-A745DF3F1874}.Release|Any CPU.Build.0 = Release|Any CPU
		{B5658DA2-33C6-4A58-A4CA-B65447BE145C}.Debug|Any CPU.ActiveCfg = Debug|Any CPU
		{B5658DA2-33C6-4A58-A4CA-B65447BE145C}.Debug|Any CPU.Build.0 = Debug|Any CPU
		{B5658DA2-33C6-4A58-A4CA-B65447BE145C}.Release|Any CPU.ActiveCfg = Release|Any CPU
		{B5658DA2-33C6-4A58-A4CA-B65447BE145C}.Release|Any CPU.Build.0 = Release|Any CPU
		{1BDF6948-8325-4E6C-B50B-3C3AE13FDE54}.Debug|Any CPU.ActiveCfg = Debug|Any CPU
		{1BDF6948-8325-4E6C-B50B-3C3AE13FDE54}.Debug|Any CPU.Build.0 = Debug|Any CPU
		{1BDF6948-8325-4E6C-B50B-3C3AE13FDE54}.Release|Any CPU.ActiveCfg = Release|Any CPU
		{1BDF6948-8325-4E6C-B50B-3C3AE13FDE54}.Release|Any CPU.Build.0 = Release|Any CPU
		{B177258B-2822-45F7-8D4C-B15BB2E9ED83}.Debug|Any CPU.ActiveCfg = Debug|Any CPU
		{B177258B-2822-45F7-8D4C-B15BB2E9ED83}.Debug|Any CPU.Build.0 = Debug|Any CPU
		{B177258B-2822-45F7-8D4C-B15BB2E9ED83}.Release|Any CPU.ActiveCfg = Release|Any CPU
		{B177258B-2822-45F7-8D4C-B15BB2E9ED83}.Release|Any CPU.Build.0 = Release|Any CPU
		{634AF87F-E57C-4C82-A3A7-08A96F282911}.Debug|Any CPU.ActiveCfg = Debug|Any CPU
		{634AF87F-E57C-4C82-A3A7-08A96F282911}.Debug|Any CPU.Build.0 = Debug|Any CPU
		{634AF87F-E57C-4C82-A3A7-08A96F282911}.Release|Any CPU.ActiveCfg = Release|Any CPU
		{634AF87F-E57C-4C82-A3A7-08A96F282911}.Release|Any CPU.Build.0 = Release|Any CPU
		{974361A1-321C-4EA6-ABED-D97282556BCF}.Debug|Any CPU.ActiveCfg = Debug|Any CPU
		{974361A1-321C-4EA6-ABED-D97282556BCF}.Debug|Any CPU.Build.0 = Debug|Any CPU
		{974361A1-321C-4EA6-ABED-D97282556BCF}.Release|Any CPU.ActiveCfg = Release|Any CPU
		{974361A1-321C-4EA6-ABED-D97282556BCF}.Release|Any CPU.Build.0 = Release|Any CPU
		{9B85EEE6-E5EB-4DAB-8D64-70CEE43BB5A7}.Debug|Any CPU.ActiveCfg = Debug|Any CPU
		{9B85EEE6-E5EB-4DAB-8D64-70CEE43BB5A7}.Debug|Any CPU.Build.0 = Debug|Any CPU
		{9B85EEE6-E5EB-4DAB-8D64-70CEE43BB5A7}.Release|Any CPU.ActiveCfg = Release|Any CPU
		{9B85EEE6-E5EB-4DAB-8D64-70CEE43BB5A7}.Release|Any CPU.Build.0 = Release|Any CPU
		{288953CE-B123-46D4-9415-EBCF33D6250C}.Debug|Any CPU.ActiveCfg = Debug|Any CPU
		{288953CE-B123-46D4-9415-EBCF33D6250C}.Debug|Any CPU.Build.0 = Debug|Any CPU
		{288953CE-B123-46D4-9415-EBCF33D6250C}.Release|Any CPU.ActiveCfg = Release|Any CPU
		{288953CE-B123-46D4-9415-EBCF33D6250C}.Release|Any CPU.Build.0 = Release|Any CPU
		{8E69F808-392E-4148-8F9B-299119EFA3E4}.Debug|Any CPU.ActiveCfg = Debug|Any CPU
		{8E69F808-392E-4148-8F9B-299119EFA3E4}.Debug|Any CPU.Build.0 = Debug|Any CPU
		{8E69F808-392E-4148-8F9B-299119EFA3E4}.Release|Any CPU.ActiveCfg = Release|Any CPU
		{8E69F808-392E-4148-8F9B-299119EFA3E4}.Release|Any CPU.Build.0 = Release|Any CPU
		{BAA57E26-DCE1-4F45-943C-AF690F9CF1D5}.Debug|Any CPU.ActiveCfg = Debug|Any CPU
		{BAA57E26-DCE1-4F45-943C-AF690F9CF1D5}.Debug|Any CPU.Build.0 = Debug|Any CPU
		{BAA57E26-DCE1-4F45-943C-AF690F9CF1D5}.Release|Any CPU.ActiveCfg = Release|Any CPU
		{BAA57E26-DCE1-4F45-943C-AF690F9CF1D5}.Release|Any CPU.Build.0 = Release|Any CPU
		{4E16A8C2-4468-4BCF-B9DA-DFA99FE146F0}.Debug|Any CPU.ActiveCfg = Debug|Any CPU
		{4E16A8C2-4468-4BCF-B9DA-DFA99FE146F0}.Debug|Any CPU.Build.0 = Debug|Any CPU
		{4E16A8C2-4468-4BCF-B9DA-DFA99FE146F0}.Release|Any CPU.ActiveCfg = Release|Any CPU
		{4E16A8C2-4468-4BCF-B9DA-DFA99FE146F0}.Release|Any CPU.Build.0 = Release|Any CPU
		{50A4B96D-BBEF-457A-917E-92553E7A45AD}.Debug|Any CPU.ActiveCfg = Debug|Any CPU
		{50A4B96D-BBEF-457A-917E-92553E7A45AD}.Debug|Any CPU.Build.0 = Debug|Any CPU
		{50A4B96D-BBEF-457A-917E-92553E7A45AD}.Release|Any CPU.ActiveCfg = Release|Any CPU
		{50A4B96D-BBEF-457A-917E-92553E7A45AD}.Release|Any CPU.Build.0 = Release|Any CPU
		{C945C4CB-69C6-4099-9B18-9108074A9033}.Debug|Any CPU.ActiveCfg = Debug|Any CPU
		{C945C4CB-69C6-4099-9B18-9108074A9033}.Debug|Any CPU.Build.0 = Debug|Any CPU
		{C945C4CB-69C6-4099-9B18-9108074A9033}.Release|Any CPU.ActiveCfg = Release|Any CPU
		{C945C4CB-69C6-4099-9B18-9108074A9033}.Release|Any CPU.Build.0 = Release|Any CPU
		{47CFABF2-6DB9-4FBE-B95D-952230646660}.Debug|Any CPU.ActiveCfg = Debug|Any CPU
		{47CFABF2-6DB9-4FBE-B95D-952230646660}.Debug|Any CPU.Build.0 = Debug|Any CPU
		{47CFABF2-6DB9-4FBE-B95D-952230646660}.Release|Any CPU.ActiveCfg = Release|Any CPU
		{47CFABF2-6DB9-4FBE-B95D-952230646660}.Release|Any CPU.Build.0 = Release|Any CPU
		{FE22D6B5-A574-4108-8433-C79E8368C3EB}.Debug|Any CPU.ActiveCfg = Debug|Any CPU
		{FE22D6B5-A574-4108-8433-C79E8368C3EB}.Debug|Any CPU.Build.0 = Debug|Any CPU
		{FE22D6B5-A574-4108-8433-C79E8368C3EB}.Release|Any CPU.ActiveCfg = Release|Any CPU
		{FE22D6B5-A574-4108-8433-C79E8368C3EB}.Release|Any CPU.Build.0 = Release|Any CPU
		{FD31AB13-E655-4861-BF29-D329C33DAB8B}.Debug|Any CPU.ActiveCfg = Debug|Any CPU
		{FD31AB13-E655-4861-BF29-D329C33DAB8B}.Debug|Any CPU.Build.0 = Debug|Any CPU
		{FD31AB13-E655-4861-BF29-D329C33DAB8B}.Release|Any CPU.ActiveCfg = Release|Any CPU
		{FD31AB13-E655-4861-BF29-D329C33DAB8B}.Release|Any CPU.Build.0 = Release|Any CPU
		{60F0EAE0-4C6A-4CFA-8178-A107749C6E4E}.Debug|Any CPU.ActiveCfg = Debug|Any CPU
		{60F0EAE0-4C6A-4CFA-8178-A107749C6E4E}.Debug|Any CPU.Build.0 = Debug|Any CPU
		{60F0EAE0-4C6A-4CFA-8178-A107749C6E4E}.Release|Any CPU.ActiveCfg = Release|Any CPU
		{60F0EAE0-4C6A-4CFA-8178-A107749C6E4E}.Release|Any CPU.Build.0 = Release|Any CPU
		{87D49E2B-F88B-4BCC-8DCF-5462F0ED1EB3}.Debug|Any CPU.ActiveCfg = Debug|Any CPU
		{87D49E2B-F88B-4BCC-8DCF-5462F0ED1EB3}.Debug|Any CPU.Build.0 = Debug|Any CPU
		{87D49E2B-F88B-4BCC-8DCF-5462F0ED1EB3}.Release|Any CPU.ActiveCfg = Release|Any CPU
		{87D49E2B-F88B-4BCC-8DCF-5462F0ED1EB3}.Release|Any CPU.Build.0 = Release|Any CPU
		{1CEB5A7C-D38B-4702-81A3-9CAD21026E47}.Debug|Any CPU.ActiveCfg = Debug|Any CPU
		{1CEB5A7C-D38B-4702-81A3-9CAD21026E47}.Debug|Any CPU.Build.0 = Debug|Any CPU
		{1CEB5A7C-D38B-4702-81A3-9CAD21026E47}.Release|Any CPU.ActiveCfg = Release|Any CPU
		{1CEB5A7C-D38B-4702-81A3-9CAD21026E47}.Release|Any CPU.Build.0 = Release|Any CPU
		{743B0074-CD48-4DC1-AD5E-3069A338DFB1}.Debug|Any CPU.ActiveCfg = Debug|Any CPU
		{743B0074-CD48-4DC1-AD5E-3069A338DFB1}.Debug|Any CPU.Build.0 = Debug|Any CPU
		{743B0074-CD48-4DC1-AD5E-3069A338DFB1}.Release|Any CPU.ActiveCfg = Release|Any CPU
		{743B0074-CD48-4DC1-AD5E-3069A338DFB1}.Release|Any CPU.Build.0 = Release|Any CPU
		{32511D35-3EBB-4414-94DB-D73403EDBA4C}.Debug|Any CPU.ActiveCfg = Debug|Any CPU
		{32511D35-3EBB-4414-94DB-D73403EDBA4C}.Debug|Any CPU.Build.0 = Debug|Any CPU
		{32511D35-3EBB-4414-94DB-D73403EDBA4C}.Release|Any CPU.ActiveCfg = Release|Any CPU
		{32511D35-3EBB-4414-94DB-D73403EDBA4C}.Release|Any CPU.Build.0 = Release|Any CPU
		{3AC070FB-B9EA-4A4E-BE15-6F0C5F315524}.Debug|Any CPU.ActiveCfg = Debug|Any CPU
		{3AC070FB-B9EA-4A4E-BE15-6F0C5F315524}.Debug|Any CPU.Build.0 = Debug|Any CPU
		{3AC070FB-B9EA-4A4E-BE15-6F0C5F315524}.Release|Any CPU.ActiveCfg = Release|Any CPU
		{3AC070FB-B9EA-4A4E-BE15-6F0C5F315524}.Release|Any CPU.Build.0 = Release|Any CPU
		{97AE615A-45BE-45B8-93A5-C8B54D51C299}.Debug|Any CPU.ActiveCfg = Debug|Any CPU
		{97AE615A-45BE-45B8-93A5-C8B54D51C299}.Debug|Any CPU.Build.0 = Debug|Any CPU
		{97AE615A-45BE-45B8-93A5-C8B54D51C299}.Release|Any CPU.ActiveCfg = Release|Any CPU
		{97AE615A-45BE-45B8-93A5-C8B54D51C299}.Release|Any CPU.Build.0 = Release|Any CPU
		{9DB758FD-B486-4EF7-A0C6-D695F4013F45}.Debug|Any CPU.ActiveCfg = Debug|Any CPU
		{9DB758FD-B486-4EF7-A0C6-D695F4013F45}.Debug|Any CPU.Build.0 = Debug|Any CPU
		{9DB758FD-B486-4EF7-A0C6-D695F4013F45}.Release|Any CPU.ActiveCfg = Release|Any CPU
		{9DB758FD-B486-4EF7-A0C6-D695F4013F45}.Release|Any CPU.Build.0 = Release|Any CPU
		{77A204D5-D6BD-4AB8-A5EB-58D2DBCE092D}.Debug|Any CPU.ActiveCfg = Debug|Any CPU
		{77A204D5-D6BD-4AB8-A5EB-58D2DBCE092D}.Debug|Any CPU.Build.0 = Debug|Any CPU
		{77A204D5-D6BD-4AB8-A5EB-58D2DBCE092D}.Release|Any CPU.ActiveCfg = Release|Any CPU
		{77A204D5-D6BD-4AB8-A5EB-58D2DBCE092D}.Release|Any CPU.Build.0 = Release|Any CPU
	EndGlobalSection
	GlobalSection(SolutionProperties) = preSolution
		HideSolutionNode = FALSE
	EndGlobalSection
	GlobalSection(NestedProjects) = preSolution
		{880F4D6F-71B1-4814-899C-3F77EA363974} = {EAF1DA86-7D6E-4C4C-A611-1C4CF82B139D}
		{39B14116-CF8C-4639-B0F9-FE957A77A55A} = {412AC5C0-D136-47A1-8E6C-6FE600571240}
		{E0649C57-2A99-41DD-85DD-A60527B52196} = {C5F18385-6F77-4FA2-9B44-DD475DD59AFB}
		{F63D80CB-F5BC-48C2-8A4A-8D5014DE8F05} = {AC79E088-C027-4AF2-B1C7-07B35A9DCB0D}
		{BFC2AB60-2769-44C5-834C-90C85EE483DF} = {596F97ED-150C-473D-BED7-2B9D7B4AA76F}
		{C30871FA-5495-482B-913A-A745DF3F1874} = {DE40085D-3659-4B67-88D0-B563ABF0FEA3}
		{B5658DA2-33C6-4A58-A4CA-B65447BE145C} = {1A4C772A-F048-4862-8D20-787B8311A0DB}
		{1BDF6948-8325-4E6C-B50B-3C3AE13FDE54} = {61667BF5-D1B2-460E-85B4-3A30A97EAE2B}
		{B177258B-2822-45F7-8D4C-B15BB2E9ED83} = {EBE1533D-FC13-4A42-9EBC-E09F2952597F}
		{634AF87F-E57C-4C82-A3A7-08A96F282911} = {B52B2EC9-CA4E-4870-94EE-85083F90E70C}
		{974361A1-321C-4EA6-ABED-D97282556BCF} = {EAF02007-5349-45F3-ABD5-4E03E1494007}
		{9B85EEE6-E5EB-4DAB-8D64-70CEE43BB5A7} = {1F014E9D-CEBA-4DF9-82FB-9ADA730E72A7}
		{288953CE-B123-46D4-9415-EBCF33D6250C} = {FF2E03D5-45FE-46FA-A79C-E720C6E76EF5}
		{8E69F808-392E-4148-8F9B-299119EFA3E4} = {A8E1E096-DC07-468F-B55F-52E925305928}
		{BAA57E26-DCE1-4F45-943C-AF690F9CF1D5} = {74458194-3A38-45F4-B56D-4A78A65B5B27}
		{4E16A8C2-4468-4BCF-B9DA-DFA99FE146F0} = {8298335F-177C-4D01-9915-B7EE33C30C5B}
		{50A4B96D-BBEF-457A-917E-92553E7A45AD} = {29D09A9D-BFC4-471E-98DA-ABE66944BA57}
		{C945C4CB-69C6-4099-9B18-9108074A9033} = {721FBEC1-FB2A-4452-97E6-79261F46B168}
		{47CFABF2-6DB9-4FBE-B95D-952230646660} = {00FEC2B0-B019-41BA-960B-F5E9255533D8}
		{FE22D6B5-A574-4108-8433-C79E8368C3EB} = {074513F6-B6B5-451F-997B-B401E00883BA}
		{FD31AB13-E655-4861-BF29-D329C33DAB8B} = {B34CED6B-6D79-481B-B5A0-AEFF272CD135}
		{60F0EAE0-4C6A-4CFA-8178-A107749C6E4E} = {E2F80CB4-2701-46BA-81DE-89BF6E77C345}
		{87D49E2B-F88B-4BCC-8DCF-5462F0ED1EB3} = {4F2A5ABB-4162-499E-9145-68DA9A26CEBF}
		{1CEB5A7C-D38B-4702-81A3-9CAD21026E47} = {0A32CE0C-AC79-41FA-A8E1-BD87DDE322B0}
		{743B0074-CD48-4DC1-AD5E-3069A338DFB1} = {A24A19F5-AE30-4D60-9E92-6C35F74BD7C4}
		{32511D35-3EBB-4414-94DB-D73403EDBA4C} = {BA56B1F1-1FD7-4B3F-BBA6-B9092CBCC9BF}
		{3AC070FB-B9EA-4A4E-BE15-6F0C5F315524} = {BC23F012-BAC1-4100-9EC8-1D82CD80BD2D}
		{97AE615A-45BE-45B8-93A5-C8B54D51C299} = {D8B75D3F-57ED-40D8-95C4-367D3C0C6B81}
		{77A204D5-D6BD-4AB8-A5EB-58D2DBCE092D} = {EE3BAB33-8F68-4C73-A509-4176BFC172CB}
	EndGlobalSection
	GlobalSection(ExtensibilityGlobals) = postSolution
		SolutionGuid = {7486E12C-0629-4CF7-8F04-D7386134EA3D}
	EndGlobalSection
EndGlobal
