
Microsoft Visual Studio Solution File, Format Version 12.00
# Visual Studio 15
VisualStudioVersion = 15.0.28010.2046
MinimumVisualStudioVersion = 10.0.40219.1
Project("{2150E333-8FDC-42A3-9474-1A3956D46DE8}") = "ValidWordSquare422", "ValidWordSquare422", "{EAF1DA86-7D6E-4C4C-A611-1C4CF82B139D}"
EndProject
Project("{FAE04EC0-301F-11D3-BF4B-00C04F79EFBC}") = "ValidWordSquare", "ValidWordSquare\ValidWordSquare.csproj", "{880F4D6F-71B1-4814-899C-3F77EA363974}"
EndProject
Global
	GlobalSection(SolutionConfigurationPlatforms) = preSolution
		Debug|Any CPU = Debug|Any CPU
		Release|Any CPU = Release|Any CPU
	EndGlobalSection
	GlobalSection(ProjectConfigurationPlatforms) = postSolution
		{880F4D6F-71B1-4814-899C-3F77EA363974}.Debug|Any CPU.ActiveCfg = Debug|Any CPU
		{880F4D6F-71B1-4814-899C-3F77EA363974}.Debug|Any CPU.Build.0 = Debug|Any CPU
		{880F4D6F-71B1-4814-899C-3F77EA363974}.Release|Any CPU.ActiveCfg = Release|Any CPU
		{880F4D6F-71B1-4814-899C-3F77EA363974}.Release|Any CPU.Build.0 = Release|Any CPU
	EndGlobalSection
	GlobalSection(SolutionProperties) = preSolution
		HideSolutionNode = FALSE
	EndGlobalSection
	GlobalSection(NestedProjects) = preSolution
		{880F4D6F-71B1-4814-899C-3F77EA363974} = {EAF1DA86-7D6E-4C4C-A611-1C4CF82B139D}
	EndGlobalSection
	GlobalSection(ExtensibilityGlobals) = postSolution
		SolutionGuid = {7486E12C-0629-4CF7-8F04-D7386134EA3D}
	EndGlobalSection
EndGlobal
